<?xml version="1.0" encoding="utf-8"?>
<Project ToolsVersion="4.0" xmlns="http://schemas.microsoft.com/developer/msbuild/2003">
  <ItemGroup>
    <Filter Include="Source Files">
      <UniqueIdentifier>{4FC737F1-C7A5-4376-A066-2A32D752A2FF}</UniqueIdentifier>
      <Extensions>cpp;c;cc;cxx;def;odl;idl;hpj;bat;asm;asmx</Extensions>
    </Filter>
    <Filter Include="Header Files">
      <UniqueIdentifier>{93995380-89BD-4b04-88EB-625FBE52EBFB}</UniqueIdentifier>
      <Extensions>h;hh;hpp;hxx;hm;inl;inc;ipp;xsd</Extensions>
    </Filter>
    <Filter Include="Resource Files">
      <UniqueIdentifier>{67DA6AB6-F800-4c08-8B7A-83BB121AAD01}</UniqueIdentifier>
      <Extensions>rc;ico;cur;bmp;dlg;rc2;rct;bin;rgs;gif;jpg;jpeg;jpe;resx;tiff;tif;png;wav;mfcribbon-ms</Extensions>
    </Filter>
  </ItemGroup>
  <ItemGroup>
    <ClCompile Include="Bai7.cpp">
      <Filter>Source Files</Filter>
    </ClCompile>
    <ClCompile Include="Bai8.cpp">
      <Filter>Source Files</Filter>
    </ClCompile>
    <ClCompile Include="Bai9.cpp">
      <Filter>Source Files</Filter>
    </ClCompile>
    <ClCompile Include="Bai10.cpp">
      <Filter>Source Files</Filter>
    </ClCompile>
    <ClCompile Include="Bai11.cpp">
      <Filter>Source Files</Filter>
    </ClCompile>
    <ClCompile Include="Bai12.cpp">
      <Filter>Source Files</Filter>
    </ClCompile>
    <ClCompile Include="Bai13.cpp">
      <Filter>Source Files</Filter>
    </ClCompile>
    <ClCompile Include="Bai14.cpp">
      <Filter>Source Files</Filter>
    </ClCompile>
    <ClCompile Include="Bai15.cpp">
      <Filter>Source Files</Filter>
    </ClCompile>
    <ClCompile Include="Bai16.cpp">
      <Filter>Source Files</Filter>
    </ClCompile>
    <ClCompile Include="Bai17.cpp">
      <Filter>Source Files</Filter>
    </ClCompile>
    <ClCompile Include="Bai18.cpp">
      <Filter>Source Files</Filter>
    </ClCompile>
    <ClCompile Include="Bai19.cpp">
      <Filter>Source Files</Filter>
    </ClCompile>
    <ClCompile Include="Bai20.cpp">
      <Filter>Source Files</Filter>
    </ClCompile>
    <ClCompile Include="Bai21.cpp">
      <Filter>Source Files</Filter>
    </ClCompile>
    <ClCompile Include="Bai22.cpp">
      <Filter>Source Files</Filter>
    </ClCompile>
    <ClCompile Include="Bai23.cpp">
      <Filter>Source Files</Filter>
    </ClCompile>
    <ClCompile Include="Bai24.cpp">
      <Filter>Source Files</Filter>
    </ClCompile>
    <ClCompile Include="Bai25.cpp">
      <Filter>Source Files</Filter>
    </ClCompile>
    <ClCompile Include="Bai26.cpp">
      <Filter>Source Files</Filter>
    </ClCompile>
    <ClCompile Include="Bai27.cpp">
      <Filter>Source Files</Filter>
    </ClCompile>
    <ClCompile Include="Bai28.cpp">
      <Filter>Source Files</Filter>
    </ClCompile>
    <ClCompile Include="Bai29.cpp">
      <Filter>Source Files</Filter>
    </ClCompile>
    <ClCompile Include="Bai30.cpp">
      <Filter>Source Files</Filter>
    </ClCompile>
    <ClCompile Include="MyActionImp.cpp">
      <Filter>Source Files</Filter>
    </ClCompile>
    <ClCompile Include="Bai32.cpp">
      <Filter>Source Files</Filter>
    </ClCompile>
    <ClCompile Include="Bai33.cpp">
      <Filter>Source Files</Filter>
    </ClCompile>
    <ClCompile Include="Bai34.cpp">
      <Filter>Source Files</Filter>
    </ClCompile>
    <ClCompile Include="Bai35.cpp">
      <Filter>Source Files</Filter>
    </ClCompile>
    <ClCompile Include="Bai36.cpp">
      <Filter>Source Files</Filter>
    </ClCompile>
    <ClCompile Include="Bai37.cpp">
      <Filter>Source Files</Filter>
    </ClCompile>
    <ClCompile Include="Bai38.cpp">
      <Filter>Source Files</Filter>
    </ClCompile>
    <ClCompile Include="Bai39.cpp">
      <Filter>Source Files</Filter>
    </ClCompile>
    <ClCompile Include="Bai40.cpp">
      <Filter>Source Files</Filter>
    </ClCompile>
    <ClCompile Include="Bai41.cpp">
      <Filter>Source Files</Filter>
    </ClCompile>
    <ClCompile Include="Bai42.cpp">
      <Filter>Source Files</Filter>
    </ClCompile>
    <ClCompile Include="Bai43.cpp">
      <Filter>Source Files</Filter>
    </ClCompile>
    <ClCompile Include="Bai44.cpp">
      <Filter>Source Files</Filter>
    </ClCompile>
    <ClCompile Include="Bai45.cpp">
      <Filter>Source Files</Filter>
    </ClCompile>
    <ClCompile Include="Bai46.cpp">
      <Filter>Source Files</Filter>
    </ClCompile>
    <ClCompile Include="Bai47.cpp">
      <Filter>Source Files</Filter>
    </ClCompile>
    <ClCompile Include="Bai48.cpp">
      <Filter>Source Files</Filter>
    </ClCompile>
    <ClCompile Include="Bai49.cpp">
      <Filter>Source Files</Filter>
    </ClCompile>
    <ClCompile Include="Bai50.cpp">
      <Filter>Source Files</Filter>
    </ClCompile>
    <ClCompile Include="Bai51.cpp">
      <Filter>Source Files</Filter>
    </ClCompile>
    <ClCompile Include="Bai53.cpp">
      <Filter>Source Files</Filter>
    </ClCompile>
    <ClCompile Include="Bai54.cpp">
      <Filter>Source Files</Filter>
    </ClCompile>
    <ClCompile Include="Bai55.cpp">
      <Filter>Source Files</Filter>
    </ClCompile>
    <ClCompile Include="Bai56.cpp">
      <Filter>Source Files</Filter>
    </ClCompile>
    <ClCompile Include="Bai57.cpp">
      <Filter>Source Files</Filter>
    </ClCompile>
    <ClCompile Include="Bai57A.cpp">
      <Filter>Source Files</Filter>
    </ClCompile>
    <ClCompile Include="Bai59.cpp">
      <Filter>Source Files</Filter>
    </ClCompile>
    <ClCompile Include="ReadWriteFile.cpp">
      <Filter>Source Files</Filter>
    </ClCompile>
    <ClCompile Include="Bai60.cpp">
      <Filter>Source Files</Filter>
    </ClCompile>
    <ClCompile Include="Bai61.cpp">
      <Filter>Source Files</Filter>
    </ClCompile>
    <ClCompile Include="Bai62.cpp">
      <Filter>Source Files</Filter>
    </ClCompile>
    <ClCompile Include="Bai63.cpp">
      <Filter>Source Files</Filter>
    </ClCompile>
    <ClCompile Include="Bai64.cpp">
      <Filter>Source Files</Filter>
    </ClCompile>
    <ClCompile Include="Bai65.cpp">
      <Filter>Source Files</Filter>
    </ClCompile>
    <ClCompile Include="Bai66.cpp">
      <Filter>Source Files</Filter>
    </ClCompile>
    <ClCompile Include="Bai66B.cpp">
      <Filter>Source Files</Filter>
    </ClCompile>
    <ClCompile Include="Bai66C.cpp">
      <Filter>Source Files</Filter>
    </ClCompile>
    <ClCompile Include="Bai67.cpp">
      <Filter>Source Files</Filter>
    </ClCompile>
    <ClCompile Include="Bai68.cpp">
      <Filter>Source Files</Filter>
    </ClCompile>
    <ClCompile Include="Bai69.cpp">
      <Filter>Source Files</Filter>
    </ClCompile>
    <ClCompile Include="Advance.cpp">
      <Filter>Source Files</Filter>
    </ClCompile>
    <ClCompile Include="NameSpace.cpp">
      <Filter>Source Files</Filter>
    </ClCompile>
    <ClCompile Include="NameSpaceExample.cpp">
      <Filter>Source Files</Filter>
    </ClCompile>
    <ClCompile Include="AutoKeyword.cpp">
      <Filter>Source Files</Filter>
    </ClCompile>
    <ClCompile Include="IntroVector.cpp">
      <Filter>Source Files</Filter>
    </ClCompile>
  </ItemGroup>
  <ItemGroup>
    <ClInclude Include="MyAction.h">
      <Filter>Header Files</Filter>
    </ClInclude>
    <ClInclude Include="AB.h">
      <Filter>Header Files</Filter>
    </ClInclude>
    <ClInclude Include="NameSpaceExample.h">
      <Filter>Header Files</Filter>
    </ClInclude>
  </ItemGroup>
  <ItemGroup>
    <Text Include="input.txt">
      <Filter>Resource Files</Filter>
    </Text>
    <Text Include="input2.txt">
      <Filter>Resource Files</Filter>
    </Text>
    <Text Include="input3.txt">
      <Filter>Resource Files</Filter>
    </Text>
    <Text Include="output.txt">
      <Filter>Resource Files</Filter>
    </Text>
    <Text Include="inputA.txt">
      <Filter>Resource Files</Filter>
    </Text>
  </ItemGroup>
</Project>